// !$*UTF8*$!
{
	archiveVersion = 1;
	classes = {
	};
	objectVersion = 55;
	objects = {

/* Begin PBXBuildFile section */
		C315E29127A215E200BF6ADE /* Charger.swift in Sources */ = {isa = PBXBuildFile; fileRef = C315E29027A215E200BF6ADE /* Charger.swift */; };
		C315E29327A2178400BF6ADE /* ChargingLocation.swift in Sources */ = {isa = PBXBuildFile; fileRef = C315E29227A2178400BF6ADE /* ChargingLocation.swift */; };
		C32379D427A3F4C600B2626A /* ConnectView.swift in Sources */ = {isa = PBXBuildFile; fileRef = C32379D327A3F4C600B2626A /* ConnectView.swift */; };
		C32379DA27A3FB9D00B2626A /* SectionBackground.swift in Sources */ = {isa = PBXBuildFile; fileRef = C32379D927A3FB9D00B2626A /* SectionBackground.swift */; };
		C32379DC27A419CA00B2626A /* VehiclesView.swift in Sources */ = {isa = PBXBuildFile; fileRef = C32379DB27A419CA00B2626A /* VehiclesView.swift */; };
		C32379DE27A419D500B2626A /* ChargersView.swift in Sources */ = {isa = PBXBuildFile; fileRef = C32379DD27A419D500B2626A /* ChargersView.swift */; };
		C327AC7127A43F910071AEFD /* JedlixSDK in Frameworks */ = {isa = PBXBuildFile; productRef = C327AC7027A43F910071AEFD /* JedlixSDK */; };
		C32EC7A4278C3B32004518A1 /* AuthenticationView.swift in Sources */ = {isa = PBXBuildFile; fileRef = C32EC7A3278C3B32004518A1 /* AuthenticationView.swift */; };
		C32EC7AC278C40E9004518A1 /* Vehicle.swift in Sources */ = {isa = PBXBuildFile; fileRef = C32EC7AB278C40E9004518A1 /* Vehicle.swift */; };
		C33BD23D2784BE9500D971C4 /* ExampleApp.swift in Sources */ = {isa = PBXBuildFile; fileRef = C33BD23C2784BE9500D971C4 /* ExampleApp.swift */; };
		C360B37527874FE300DCAB7D /* HTTPClient.swift in Sources */ = {isa = PBXBuildFile; fileRef = C360B37427874FE300DCAB7D /* HTTPClient.swift */; };
		C3873886278EC4AC0075E40A /* Authentication.swift in Sources */ = {isa = PBXBuildFile; fileRef = C3873885278EC4AC0075E40A /* Authentication.swift */; };
		C387388A278F44140075E40A /* AppDelegate.swift in Sources */ = {isa = PBXBuildFile; fileRef = C3873889278F44140075E40A /* AppDelegate.swift */; };
		C389C75D2785B03F00BDF059 /* Auth0 in Frameworks */ = {isa = PBXBuildFile; productRef = C389C75C2785B03F00BDF059 /* Auth0 */; };
		C3D8395927858375002F7B50 /* Styles.swift in Sources */ = {isa = PBXBuildFile; fileRef = C3D8395827858374002F7B50 /* Styles.swift */; };
		C3E6DC7627A1A1DC0058CC6F /* Auth0Authentication.swift in Sources */ = {isa = PBXBuildFile; fileRef = C3E6DC7527A1A1DC0058CC6F /* Auth0Authentication.swift */; };
		C3E6DC7827A1A1E70058CC6F /* DefaultAuthentication.swift in Sources */ = {isa = PBXBuildFile; fileRef = C3E6DC7727A1A1E70058CC6F /* DefaultAuthentication.swift */; };
		C3E6DC7E27A1B92D0058CC6F /* User.swift in Sources */ = {isa = PBXBuildFile; fileRef = C3E6DC7D27A1B92D0058CC6F /* User.swift */; };
		C3E6DC6227A175560058CC6F /* Assets.xcassets in Resources */ = {isa = PBXBuildFile; fileRef = C3E6DC6127A175560058CC6F /* Assets.xcassets */; };
/* End PBXBuildFile section */

/* Begin PBXFileReference section */
		C315E28C27A2155200BF6ADE /* JedlixSDK.framework */ = {isa = PBXFileReference; explicitFileType = wrapper.framework; path = JedlixSDK.framework; sourceTree = BUILT_PRODUCTS_DIR; };
		C315E29027A215E200BF6ADE /* Charger.swift */ = {isa = PBXFileReference; lastKnownFileType = sourcecode.swift; path = Charger.swift; sourceTree = "<group>"; };
		C315E29227A2178400BF6ADE /* ChargingLocation.swift */ = {isa = PBXFileReference; lastKnownFileType = sourcecode.swift; path = ChargingLocation.swift; sourceTree = "<group>"; };
		C31811C82791CB1D00625AE4 /* JedlixSDK.framework */ = {isa = PBXFileReference; explicitFileType = wrapper.framework; path = JedlixSDK.framework; sourceTree = BUILT_PRODUCTS_DIR; };
		C32379D327A3F4C600B2626A /* ConnectView.swift */ = {isa = PBXFileReference; fileEncoding = 4; lastKnownFileType = sourcecode.swift; path = ConnectView.swift; sourceTree = "<group>"; };
		C32379D927A3FB9D00B2626A /* SectionBackground.swift */ = {isa = PBXFileReference; lastKnownFileType = sourcecode.swift; path = SectionBackground.swift; sourceTree = "<group>"; };
		C32379DB27A419CA00B2626A /* VehiclesView.swift */ = {isa = PBXFileReference; lastKnownFileType = sourcecode.swift; path = VehiclesView.swift; sourceTree = "<group>"; };
		C32379DD27A419D500B2626A /* ChargersView.swift */ = {isa = PBXFileReference; lastKnownFileType = sourcecode.swift; path = ChargersView.swift; sourceTree = "<group>"; };
		C327AC6B27A421420071AEFD /* JedlixSDK.framework */ = {isa = PBXFileReference; explicitFileType = wrapper.framework; path = JedlixSDK.framework; sourceTree = BUILT_PRODUCTS_DIR; };
		C32EC7A3278C3B32004518A1 /* AuthenticationView.swift */ = {isa = PBXFileReference; lastKnownFileType = sourcecode.swift; path = AuthenticationView.swift; sourceTree = "<group>"; };
		C32EC7AB278C40E9004518A1 /* Vehicle.swift */ = {isa = PBXFileReference; lastKnownFileType = sourcecode.swift; path = Vehicle.swift; sourceTree = "<group>"; };
		C33BD2392784BE9500D971C4 /* Example.app */ = {isa = PBXFileReference; explicitFileType = wrapper.application; includeInIndex = 0; path = Example.app; sourceTree = BUILT_PRODUCTS_DIR; };
		C33BD23C2784BE9500D971C4 /* ExampleApp.swift */ = {isa = PBXFileReference; lastKnownFileType = sourcecode.swift; path = ExampleApp.swift; sourceTree = "<group>"; };
		C360B37427874FE300DCAB7D /* HTTPClient.swift */ = {isa = PBXFileReference; fileEncoding = 4; lastKnownFileType = sourcecode.swift; path = HTTPClient.swift; sourceTree = "<group>"; };
		C3873885278EC4AC0075E40A /* Authentication.swift */ = {isa = PBXFileReference; lastKnownFileType = sourcecode.swift; path = Authentication.swift; sourceTree = "<group>"; };
		C3873889278F44140075E40A /* AppDelegate.swift */ = {isa = PBXFileReference; lastKnownFileType = sourcecode.swift; path = AppDelegate.swift; sourceTree = "<group>"; };
		C3D8395827858374002F7B50 /* Styles.swift */ = {isa = PBXFileReference; lastKnownFileType = sourcecode.swift; path = Styles.swift; sourceTree = "<group>"; };
		C3E6DC7527A1A1DC0058CC6F /* Auth0Authentication.swift */ = {isa = PBXFileReference; lastKnownFileType = sourcecode.swift; path = Auth0Authentication.swift; sourceTree = "<group>"; };
		C3E6DC7727A1A1E70058CC6F /* DefaultAuthentication.swift */ = {isa = PBXFileReference; lastKnownFileType = sourcecode.swift; path = DefaultAuthentication.swift; sourceTree = "<group>"; };
		C3E6DC7D27A1B92D0058CC6F /* User.swift */ = {isa = PBXFileReference; lastKnownFileType = sourcecode.swift; path = User.swift; sourceTree = "<group>"; };
		C3E6DC6127A175560058CC6F /* Assets.xcassets */ = {isa = PBXFileReference; lastKnownFileType = folder.assetcatalog; path = Assets.xcassets; sourceTree = "<group>"; };
/* End PBXFileReference section */

/* Begin PBXFrameworksBuildPhase section */
		C33BD2362784BE9500D971C4 /* Frameworks */ = {
			isa = PBXFrameworksBuildPhase;
			buildActionMask = 2147483647;
			files = (
				C389C75D2785B03F00BDF059 /* Auth0 in Frameworks */,
				C327AC7127A43F910071AEFD /* JedlixSDK in Frameworks */,
			);
			runOnlyForDeploymentPostprocessing = 0;
		};
/* End PBXFrameworksBuildPhase section */

/* Begin PBXGroup section */
		C32EC7A9278C40B1004518A1 /* Views */ = {
			isa = PBXGroup;
			children = (
				C33BD23C2784BE9500D971C4 /* ExampleApp.swift */,
				C32EC7A3278C3B32004518A1 /* AuthenticationView.swift */,
				C32379D327A3F4C600B2626A /* ConnectView.swift */,
				C32379DB27A419CA00B2626A /* VehiclesView.swift */,
				C32379DD27A419D500B2626A /* ChargersView.swift */,
				C32379D927A3FB9D00B2626A /* SectionBackground.swift */,
				C3D8395827858374002F7B50 /* Styles.swift */,
			);
			path = Views;
			sourceTree = "<group>";
		};
		C32EC7AA278C40BE004518A1 /* Models */ = {
			isa = PBXGroup;
			children = (
				C3873885278EC4AC0075E40A /* Authentication.swift */,
				C3E6DC7727A1A1E70058CC6F /* DefaultAuthentication.swift */,
				C3E6DC7527A1A1DC0058CC6F /* Auth0Authentication.swift */,
				C3E6DC7D27A1B92D0058CC6F /* User.swift */,
				C32EC7AB278C40E9004518A1 /* Vehicle.swift */,
				C315E29027A215E200BF6ADE /* Charger.swift */,
				C315E29227A2178400BF6ADE /* ChargingLocation.swift */,
			);
			path = Models;
			sourceTree = "<group>";
		};
		C32EC7AD278C4111004518A1 /* Networking */ = {
			isa = PBXGroup;
			children = (
				C360B37427874FE300DCAB7D /* HTTPClient.swift */,
			);
			path = Networking;
			sourceTree = "<group>";
		};
		C33BD2302784BE9500D971C4 = {
			isa = PBXGroup;
			children = (
				C33BD23B2784BE9500D971C4 /* Example */,
				C33BD23A2784BE9500D971C4 /* Products */,
				C33BD2572784C04200D971C4 /* Frameworks */,
			);
			sourceTree = "<group>";
		};
		C33BD23A2784BE9500D971C4 /* Products */ = {
			isa = PBXGroup;
			children = (
				C33BD2392784BE9500D971C4 /* Example.app */,
			);
			name = Products;
			sourceTree = "<group>";
		};
		C33BD23B2784BE9500D971C4 /* Example */ = {
			isa = PBXGroup;
			children = (
				C3873889278F44140075E40A /* AppDelegate.swift */,
				C32EC7A9278C40B1004518A1 /* Views */,
				C32EC7AA278C40BE004518A1 /* Models */,
				C32EC7AD278C4111004518A1 /* Networking */,
				C3E6DC6127A175560058CC6F /* Assets.xcassets */,
			);
			path = Example;
			sourceTree = "<group>";
		};
		C33BD2572784C04200D971C4 /* Frameworks */ = {
			isa = PBXGroup;
			children = (
				C327AC6B27A421420071AEFD /* JedlixSDK.framework */,
				C315E28C27A2155200BF6ADE /* JedlixSDK.framework */,
				C31811C82791CB1D00625AE4 /* JedlixSDK.framework */,
			);
			name = Frameworks;
			sourceTree = "<group>";
		};
/* End PBXGroup section */

/* Begin PBXNativeTarget section */
		C33BD2382784BE9500D971C4 /* Example */ = {
			isa = PBXNativeTarget;
			buildConfigurationList = C33BD2472784BE9600D971C4 /* Build configuration list for PBXNativeTarget "Example" */;
			buildPhases = (
				C33BD2352784BE9500D971C4 /* Sources */,
				C33BD2362784BE9500D971C4 /* Frameworks */,
				C33BD2372784BE9500D971C4 /* Resources */,
			);
			buildRules = (
			);
			dependencies = (
			);
			name = Example;
			packageProductDependencies = (
				C389C75C2785B03F00BDF059 /* Auth0 */,
				C327AC7027A43F910071AEFD /* JedlixSDK */,
			);
			productName = Example;
			productReference = C33BD2392784BE9500D971C4 /* Example.app */;
			productType = "com.apple.product-type.application";
		};
/* End PBXNativeTarget section */

/* Begin PBXProject section */
		C33BD2312784BE9500D971C4 /* Project object */ = {
			isa = PBXProject;
			attributes = {
				BuildIndependentTargetsInParallel = 1;
				LastSwiftUpdateCheck = 1320;
				LastUpgradeCheck = 1320;
				ORGANIZATIONNAME = Jedlix;
				TargetAttributes = {
					C33BD2382784BE9500D971C4 = {
						CreatedOnToolsVersion = 13.2;
					};
				};
			};
			buildConfigurationList = C33BD2342784BE9500D971C4 /* Build configuration list for PBXProject "Example" */;
			compatibilityVersion = "Xcode 13.0";
			developmentRegion = en;
			hasScannedForEncodings = 0;
			knownRegions = (
				en,
				Base,
			);
			mainGroup = C33BD2302784BE9500D971C4;
			packageReferences = (
				C389C75B2785B03F00BDF059 /* XCRemoteSwiftPackageReference "Auth0.swift" */,
				C327AC6F27A43F8C0071AEFD /* XCRemoteSwiftPackageReference "jedlix-sdk-ios" */,
			);
			productRefGroup = C33BD23A2784BE9500D971C4 /* Products */;
			projectDirPath = "";
			projectRoot = "";
			targets = (
				C33BD2382784BE9500D971C4 /* Example */,
			);
		};
/* End PBXProject section */

/* Begin PBXResourcesBuildPhase section */
		C33BD2372784BE9500D971C4 /* Resources */ = {
			isa = PBXResourcesBuildPhase;
			buildActionMask = 2147483647;
			files = (
				C3E6DC6227A175560058CC6F /* Assets.xcassets in Resources */,
			);
			runOnlyForDeploymentPostprocessing = 0;
		};
/* End PBXResourcesBuildPhase section */

/* Begin PBXSourcesBuildPhase section */
		C33BD2352784BE9500D971C4 /* Sources */ = {
			isa = PBXSourcesBuildPhase;
			buildActionMask = 2147483647;
			files = (
				C3E6DC7E27A1B92D0058CC6F /* User.swift in Sources */,
				C32379D427A3F4C600B2626A /* ConnectView.swift in Sources */,
				C32EC7AC278C40E9004518A1 /* Vehicle.swift in Sources */,
				C315E29127A215E200BF6ADE /* Charger.swift in Sources */,
				C32379DE27A419D500B2626A /* ChargersView.swift in Sources */,
				C3D8395927858375002F7B50 /* Styles.swift in Sources */,
				C315E29327A2178400BF6ADE /* ChargingLocation.swift in Sources */,
				C32EC7A4278C3B32004518A1 /* AuthenticationView.swift in Sources */,
				C360B37527874FE300DCAB7D /* HTTPClient.swift in Sources */,
				C3E6DC7827A1A1E70058CC6F /* DefaultAuthentication.swift in Sources */,
				C33BD23D2784BE9500D971C4 /* ExampleApp.swift in Sources */,
				C32379DC27A419CA00B2626A /* VehiclesView.swift in Sources */,
				C387388A278F44140075E40A /* AppDelegate.swift in Sources */,
				C3873886278EC4AC0075E40A /* Authentication.swift in Sources */,
				C32379DA27A3FB9D00B2626A /* SectionBackground.swift in Sources */,
				C3E6DC7627A1A1DC0058CC6F /* Auth0Authentication.swift in Sources */,
			);
			runOnlyForDeploymentPostprocessing = 0;
		};
/* End PBXSourcesBuildPhase section */

/* Begin XCBuildConfiguration section */
		C33BD2452784BE9600D971C4 /* Debug */ = {
			isa = XCBuildConfiguration;
			buildSettings = {
				ALWAYS_SEARCH_USER_PATHS = NO;
				CLANG_ANALYZER_NONNULL = YES;
				CLANG_ANALYZER_NUMBER_OBJECT_CONVERSION = YES_AGGRESSIVE;
				CLANG_CXX_LANGUAGE_STANDARD = "gnu++17";
				CLANG_CXX_LIBRARY = "libc++";
				CLANG_ENABLE_MODULES = YES;
				CLANG_ENABLE_OBJC_ARC = YES;
				CLANG_ENABLE_OBJC_WEAK = YES;
				CLANG_WARN_BLOCK_CAPTURE_AUTORELEASING = YES;
				CLANG_WARN_BOOL_CONVERSION = YES;
				CLANG_WARN_COMMA = YES;
				CLANG_WARN_CONSTANT_CONVERSION = YES;
				CLANG_WARN_DEPRECATED_OBJC_IMPLEMENTATIONS = YES;
				CLANG_WARN_DIRECT_OBJC_ISA_USAGE = YES_ERROR;
				CLANG_WARN_DOCUMENTATION_COMMENTS = YES;
				CLANG_WARN_EMPTY_BODY = YES;
				CLANG_WARN_ENUM_CONVERSION = YES;
				CLANG_WARN_INFINITE_RECURSION = YES;
				CLANG_WARN_INT_CONVERSION = YES;
				CLANG_WARN_NON_LITERAL_NULL_CONVERSION = YES;
				CLANG_WARN_OBJC_IMPLICIT_RETAIN_SELF = YES;
				CLANG_WARN_OBJC_LITERAL_CONVERSION = YES;
				CLANG_WARN_OBJC_ROOT_CLASS = YES_ERROR;
				CLANG_WARN_QUOTED_INCLUDE_IN_FRAMEWORK_HEADER = YES;
				CLANG_WARN_RANGE_LOOP_ANALYSIS = YES;
				CLANG_WARN_STRICT_PROTOTYPES = YES;
				CLANG_WARN_SUSPICIOUS_MOVE = YES;
				CLANG_WARN_UNGUARDED_AVAILABILITY = YES_AGGRESSIVE;
				CLANG_WARN_UNREACHABLE_CODE = YES;
				CLANG_WARN__DUPLICATE_METHOD_MATCH = YES;
				COPY_PHASE_STRIP = NO;
				DEBUG_INFORMATION_FORMAT = dwarf;
				ENABLE_STRICT_OBJC_MSGSEND = YES;
				ENABLE_TESTABILITY = YES;
				GCC_C_LANGUAGE_STANDARD = gnu11;
				GCC_DYNAMIC_NO_PIC = NO;
				GCC_NO_COMMON_BLOCKS = YES;
				GCC_OPTIMIZATION_LEVEL = 0;
				GCC_PREPROCESSOR_DEFINITIONS = (
					"DEBUG=1",
					"$(inherited)",
				);
				GCC_WARN_64_TO_32_BIT_CONVERSION = YES;
				GCC_WARN_ABOUT_RETURN_TYPE = YES_ERROR;
				GCC_WARN_UNDECLARED_SELECTOR = YES;
				GCC_WARN_UNINITIALIZED_AUTOS = YES_AGGRESSIVE;
				GCC_WARN_UNUSED_FUNCTION = YES;
				GCC_WARN_UNUSED_VARIABLE = YES;
				IPHONEOS_DEPLOYMENT_TARGET = 15.2;
				MTL_ENABLE_DEBUG_INFO = INCLUDE_SOURCE;
				MTL_FAST_MATH = YES;
				ONLY_ACTIVE_ARCH = YES;
				SDKROOT = iphoneos;
				SWIFT_ACTIVE_COMPILATION_CONDITIONS = DEBUG;
				SWIFT_OPTIMIZATION_LEVEL = "-Onone";
			};
			name = Debug;
		};
		C33BD2462784BE9600D971C4 /* Release */ = {
			isa = XCBuildConfiguration;
			buildSettings = {
				ALWAYS_SEARCH_USER_PATHS = NO;
				CLANG_ANALYZER_NONNULL = YES;
				CLANG_ANALYZER_NUMBER_OBJECT_CONVERSION = YES_AGGRESSIVE;
				CLANG_CXX_LANGUAGE_STANDARD = "gnu++17";
				CLANG_CXX_LIBRARY = "libc++";
				CLANG_ENABLE_MODULES = YES;
				CLANG_ENABLE_OBJC_ARC = YES;
				CLANG_ENABLE_OBJC_WEAK = YES;
				CLANG_WARN_BLOCK_CAPTURE_AUTORELEASING = YES;
				CLANG_WARN_BOOL_CONVERSION = YES;
				CLANG_WARN_COMMA = YES;
				CLANG_WARN_CONSTANT_CONVERSION = YES;
				CLANG_WARN_DEPRECATED_OBJC_IMPLEMENTATIONS = YES;
				CLANG_WARN_DIRECT_OBJC_ISA_USAGE = YES_ERROR;
				CLANG_WARN_DOCUMENTATION_COMMENTS = YES;
				CLANG_WARN_EMPTY_BODY = YES;
				CLANG_WARN_ENUM_CONVERSION = YES;
				CLANG_WARN_INFINITE_RECURSION = YES;
				CLANG_WARN_INT_CONVERSION = YES;
				CLANG_WARN_NON_LITERAL_NULL_CONVERSION = YES;
				CLANG_WARN_OBJC_IMPLICIT_RETAIN_SELF = YES;
				CLANG_WARN_OBJC_LITERAL_CONVERSION = YES;
				CLANG_WARN_OBJC_ROOT_CLASS = YES_ERROR;
				CLANG_WARN_QUOTED_INCLUDE_IN_FRAMEWORK_HEADER = YES;
				CLANG_WARN_RANGE_LOOP_ANALYSIS = YES;
				CLANG_WARN_STRICT_PROTOTYPES = YES;
				CLANG_WARN_SUSPICIOUS_MOVE = YES;
				CLANG_WARN_UNGUARDED_AVAILABILITY = YES_AGGRESSIVE;
				CLANG_WARN_UNREACHABLE_CODE = YES;
				CLANG_WARN__DUPLICATE_METHOD_MATCH = YES;
				COPY_PHASE_STRIP = NO;
				DEBUG_INFORMATION_FORMAT = "dwarf-with-dsym";
				ENABLE_NS_ASSERTIONS = NO;
				ENABLE_STRICT_OBJC_MSGSEND = YES;
				GCC_C_LANGUAGE_STANDARD = gnu11;
				GCC_NO_COMMON_BLOCKS = YES;
				GCC_WARN_64_TO_32_BIT_CONVERSION = YES;
				GCC_WARN_ABOUT_RETURN_TYPE = YES_ERROR;
				GCC_WARN_UNDECLARED_SELECTOR = YES;
				GCC_WARN_UNINITIALIZED_AUTOS = YES_AGGRESSIVE;
				GCC_WARN_UNUSED_FUNCTION = YES;
				GCC_WARN_UNUSED_VARIABLE = YES;
				IPHONEOS_DEPLOYMENT_TARGET = 15.2;
				MTL_ENABLE_DEBUG_INFO = NO;
				MTL_FAST_MATH = YES;
				SDKROOT = iphoneos;
				SWIFT_COMPILATION_MODE = wholemodule;
				SWIFT_OPTIMIZATION_LEVEL = "-O";
				VALIDATE_PRODUCT = YES;
			};
			name = Release;
		};
		C33BD2482784BE9600D971C4 /* Debug */ = {
			isa = XCBuildConfiguration;
			buildSettings = {
				CODE_SIGN_IDENTITY = "Apple Development";
				CODE_SIGN_STYLE = Automatic;
				CURRENT_PROJECT_VERSION = 1;
				DEVELOPMENT_TEAM = 79CVEE6FZS;
				ENABLE_PREVIEWS = YES;
				GENERATE_INFOPLIST_FILE = YES;
				INFOPLIST_FILE = Example/Info.plist;
				INFOPLIST_KEY_CFBundleDisplayName = "Jedlix SDK";
				INFOPLIST_KEY_UIApplicationSceneManifest_Generation = YES;
				INFOPLIST_KEY_UIApplicationSupportsIndirectInputEvents = YES;
				INFOPLIST_KEY_UILaunchScreen_Generation = YES;
				INFOPLIST_KEY_UISupportedInterfaceOrientations = UIInterfaceOrientationPortrait;
				INFOPLIST_KEY_UISupportedInterfaceOrientations_iPad = "UIInterfaceOrientationPortrait UIInterfaceOrientationPortraitUpsideDown UIInterfaceOrientationLandscapeLeft UIInterfaceOrientationLandscapeRight";
				INFOPLIST_KEY_UISupportedInterfaceOrientations_iPhone = "UIInterfaceOrientationPortrait UIInterfaceOrientationLandscapeLeft UIInterfaceOrientationLandscapeRight";
				IPHONEOS_DEPLOYMENT_TARGET = 14.0;
				LD_RUNPATH_SEARCH_PATHS = (
					"$(inherited)",
					"@executable_path/Frameworks",
				);
				MARKETING_VERSION = 1.0.0;
				PRODUCT_BUNDLE_IDENTIFIER = com.jedlix.sdk.example;
				PRODUCT_NAME = Example;
				PROVISIONING_PROFILE_SPECIFIER = "";
				SWIFT_EMIT_LOC_STRINGS = YES;
				SWIFT_VERSION = 5.0;
				TARGETED_DEVICE_FAMILY = 1;
			};
			name = Debug;
		};
		C33BD2492784BE9600D971C4 /* Release */ = {
			isa = XCBuildConfiguration;
			buildSettings = {
				CODE_SIGN_IDENTITY = "iPhone Distribution";
				CODE_SIGN_STYLE = Manual;
				CURRENT_PROJECT_VERSION = 1;
				DEVELOPMENT_TEAM = 79CVEE6FZS;
				ENABLE_PREVIEWS = YES;
				GENERATE_INFOPLIST_FILE = YES;
				INFOPLIST_FILE = Example/Info.plist;
				INFOPLIST_KEY_CFBundleDisplayName = "Jedlix SDK";
				INFOPLIST_KEY_UIApplicationSceneManifest_Generation = YES;
				INFOPLIST_KEY_UIApplicationSupportsIndirectInputEvents = YES;
				INFOPLIST_KEY_UILaunchScreen_Generation = YES;
				INFOPLIST_KEY_UISupportedInterfaceOrientations = UIInterfaceOrientationPortrait;
				INFOPLIST_KEY_UISupportedInterfaceOrientations_iPad = "UIInterfaceOrientationPortrait UIInterfaceOrientationPortraitUpsideDown UIInterfaceOrientationLandscapeLeft UIInterfaceOrientationLandscapeRight";
				INFOPLIST_KEY_UISupportedInterfaceOrientations_iPhone = "UIInterfaceOrientationPortrait UIInterfaceOrientationLandscapeLeft UIInterfaceOrientationLandscapeRight";
				IPHONEOS_DEPLOYMENT_TARGET = 14.0;
				LD_RUNPATH_SEARCH_PATHS = (
					"$(inherited)",
					"@executable_path/Frameworks",
				);
				MARKETING_VERSION = 1.0.0;
				PRODUCT_BUNDLE_IDENTIFIER = com.jedlix.sdk.example;
				PRODUCT_NAME = Example;
				PROVISIONING_PROFILE_SPECIFIER = JedlixSDK;
				SWIFT_EMIT_LOC_STRINGS = YES;
				SWIFT_VERSION = 5.0;
				TARGETED_DEVICE_FAMILY = 1;
			};
			name = Release;
		};
/* End XCBuildConfiguration section */

/* Begin XCConfigurationList section */
		C33BD2342784BE9500D971C4 /* Build configuration list for PBXProject "Example" */ = {
			isa = XCConfigurationList;
			buildConfigurations = (
				C33BD2452784BE9600D971C4 /* Debug */,
				C33BD2462784BE9600D971C4 /* Release */,
			);
			defaultConfigurationIsVisible = 0;
			defaultConfigurationName = Release;
		};
		C33BD2472784BE9600D971C4 /* Build configuration list for PBXNativeTarget "Example" */ = {
			isa = XCConfigurationList;
			buildConfigurations = (
				C33BD2482784BE9600D971C4 /* Debug */,
				C33BD2492784BE9600D971C4 /* Release */,
			);
			defaultConfigurationIsVisible = 0;
			defaultConfigurationName = Release;
		};
/* End XCConfigurationList section */

/* Begin XCRemoteSwiftPackageReference section */
		C327AC6F27A43F8C0071AEFD /* XCRemoteSwiftPackageReference "jedlix-sdk-ios" */ = {
			isa = XCRemoteSwiftPackageReference;
			repositoryURL = "https://github.com/jedlix/jedlix-sdk-ios";
			requirement = {
				kind = upToNextMajorVersion;
				minimumVersion = 1.1.0;
			};
		};
		C389C75B2785B03F00BDF059 /* XCRemoteSwiftPackageReference "Auth0.swift" */ = {
			isa = XCRemoteSwiftPackageReference;
			repositoryURL = "https://github.com/auth0/Auth0.swift.git";
			requirement = {
				kind = upToNextMajorVersion;
				minimumVersion = 1.0.0;
			};
		};
/* End XCRemoteSwiftPackageReference section */

/* Begin XCSwiftPackageProductDependency section */
		C327AC7027A43F910071AEFD /* JedlixSDK */ = {
			isa = XCSwiftPackageProductDependency;
			productName = JedlixSDK;
		};
		C389C75C2785B03F00BDF059 /* Auth0 */ = {
			isa = XCSwiftPackageProductDependency;
			package = C389C75B2785B03F00BDF059 /* XCRemoteSwiftPackageReference "Auth0.swift" */;
			productName = Auth0;
		};
/* End XCSwiftPackageProductDependency section */
	};
	rootObject = C33BD2312784BE9500D971C4 /* Project object */;
}
